
Microsoft Visual Studio Solution File, Format Version 12.00
# Visual Studio Version 16
VisualStudioVersion = 16.0.31729.503
MinimumVisualStudioVersion = 10.0.40219.1
Project("{FAE04EC0-301F-11D3-BF4B-00C04F79EFBC}") = "Ekzamen_Forms", "Ekzamen_Forms\Ekzamen_Forms.csproj", "{32965E34-3936-4147-AB55-EF49E62DC4E6}"
EndProject
Global
	GlobalSection(SolutionConfigurationPlatforms) = preSolution
		Debug|Any CPU = Debug|Any CPU
		Release|Any CPU = Release|Any CPU
	EndGlobalSection
	GlobalSection(ProjectConfigurationPlatforms) = postSolution
		{32965E34-3936-4147-AB55-EF49E62DC4E6}.Debug|Any CPU.ActiveCfg = Debug|Any CPU
		{32965E34-3936-4147-AB55-EF49E62DC4E6}.Debug|Any CPU.Build.0 = Debug|Any CPU
		{32965E34-3936-4147-AB55-EF49E62DC4E6}.Release|Any CPU.ActiveCfg = Release|Any CPU
		{32965E34-3936-4147-AB55-EF49E62DC4E6}.Release|Any CPU.Build.0 = Release|Any CPU
	EndGlobalSection
	GlobalSection(SolutionProperties) = preSolution
		HideSolutionNode = FALSE
	EndGlobalSection
	GlobalSection(ExtensibilityGlobals) = postSolution
		SolutionGuid = {050306A0-0FD2-4674-AF02-782CB08FFF1C}
	EndGlobalSection
EndGlobal
